# This file is generated by running "yarn install" inside your project.
# Manual changes might be lost - proceed with caution!

__metadata:
  version: 5
  cacheKey: 8

"axios@npm:^0.23.0":
  version: 0.23.0
  resolution: "axios@npm:0.23.0"
  dependencies:
    follow-redirects: ^1.14.4
  checksum: 879f61022bd825da2a7ebb72410bc528683ba54c140436baa0b924b7cab02ec0919fe64a04a546f482a75f5fd570b77884f9826764a95f2fd88265e61dcb70db
  languageName: node
  linkType: hard

"core-js-api-client@workspace:.":
  version: 0.0.0-use.local
  resolution: "core-js-api-client@workspace:."
  dependencies:
    axios: ^0.23.0
    typescript: ^4.5.2
  languageName: unknown
  linkType: soft

"follow-redirects@npm:^1.14.4":
  version: 1.14.5
  resolution: "follow-redirects@npm:1.14.5"
  peerDependenciesMeta:
    debug:
      optional: true
  checksum: f004a76b2ee3a849772c2816e30928253bf47537b0f00184d89f4966413add96a228a4d96ca8c702bc045a683c52c2ba41545c915cc1a5e33bf8fd9d07b59aee
  languageName: node
  linkType: hard

"typescript@npm:^4.5.2":
  version: 4.5.2
  resolution: "typescript@npm:4.5.2"
  bin:
    tsc: bin/tsc
    tsserver: bin/tsserver
  checksum: 74f9ce65d532bdf5d0214b3f60cf37992180023388c87a11ee6f838a803067ef0b63c600fa501b0deb07f989257dce1e244c9635ed79feca40bbccf6e0aa1ebc
  languageName: node
  linkType: hard

"typescript@patch:typescript@^4.5.2#~builtin<compat/typescript>":
  version: 4.5.2
  resolution: "typescript@patch:typescript@npm%3A4.5.2#~builtin<compat/typescript>::version=4.5.2&hash=493e53"
  bin:
    tsc: bin/tsc
    tsserver: bin/tsserver
  checksum: 53838d56aba6fcc947d63aa0771e5d966b1b648fddafed6e221d7f38c71219c4e036ece8cfe9e35ed80cf5a35ff4eb958934c993f99c3233773ec4f9ccd53f69
  languageName: node
  linkType: hard
